{
  "name": "two-fer",
  "version": "1.0.0",
  "lockfileVersion": 1,
  "requires": true,
  "dependencies": {
    "eslint-config-thinkcompany": {
      "version": "1.1.0",
      "resolved": "https://registry.npmjs.org/eslint-config-thinkcompany/-/eslint-config-thinkcompany-1.1.0.tgz",
      "integrity": "sha1-Pju92qPohFRDceZ9YgCu4rX5V0o=",
      "dev": true
    }
  }
}
